
Microsoft Visual Studio Solution File, Format Version 12.00
# Visual Studio Version 17
VisualStudioVersion = 17.13.35825.156 d17.13
MinimumVisualStudioVersion = 10.0.40219.1
Project("{FAE04EC0-301F-11D3-BF4B-00C04F79EFBC}") = "StockSense", "StockSense\StockSense.csproj", "{2C651B11-DC45-4552-AF5C-2B35E1DD2695}"
EndProject
Global
	GlobalSection(SolutionConfigurationPlatforms) = preSolution
		Debug|Any CPU = Debug|Any CPU
		Release|Any CPU = Release|Any CPU
	EndGlobalSection
	GlobalSection(ProjectConfigurationPlatforms) = postSolution
		{2C651B11-DC45-4552-AF5C-2B35E1DD2695}.Debug|Any CPU.ActiveCfg = Debug|Any CPU
		{2C651B11-DC45-4552-AF5C-2B35E1DD2695}.Debug|Any CPU.Build.0 = Debug|Any CPU
		{2C651B11-DC45-4552-AF5C-2B35E1DD2695}.Release|Any CPU.ActiveCfg = Release|Any CPU
		{2C651B11-DC45-4552-AF5C-2B35E1DD2695}.Release|Any CPU.Build.0 = Release|Any CPU
	EndGlobalSection
	GlobalSection(SolutionProperties) = preSolution
		HideSolutionNode = FALSE
	EndGlobalSection
	GlobalSection(ExtensibilityGlobals) = postSolution
		SolutionGuid = {0AA3B00C-1F8F-4A99-90AA-D397CED1E5B1}
	EndGlobalSection
EndGlobal
